github.com/flaxandteal/hugo-mod-qld-design-system v0.0.0-20250929133839-5a2bc0b4cd88 h1:0EbnqHkzvVMfpICkiUQojk8mJHiUEskWliHnEKypHQM=
github.com/flaxandteal/hugo-mod-qld-design-system v0.0.0-20250929133839-5a2bc0b4cd88/go.mod h1:6uIBoD/mZh2m8Sp2ph3AApkoFcJSpBeJ991EbA0v3Cs=
github.com/flaxandteal/hugo-mod-qld-design-system v0.0.0-20250929135830-ab27aed1568e h1:hCS4/mOCYdX7wriy1moqq9aK4ufBglmmx8+LbsG5ATk=
github.com/flaxandteal/hugo-mod-qld-design-system v0.0.0-20250929135830-ab27aed1568e/go.mod h1:yp0A0w9y85TTepsT2/7d1tCgnwvfIIHW6pd9/rOAXUo=
